
Microsoft Visual Studio Solution File, Format Version 12.00
# Visual Studio Version 17
VisualStudioVersion = 17.7.34221.43
MinimumVisualStudioVersion = 10.0.40219.1
Project("{FAE04EC0-301F-11D3-BF4B-00C04F79EFBC}") = "SiebwaldeApp", "SiebwaldeApp\SiebwaldeApp.csproj", "{6EE1CC36-71C2-49CE-A47E-EB3559E88F24}"
EndProject
Project("{FAE04EC0-301F-11D3-BF4B-00C04F79EFBC}") = "SiebwaldeApp.Core", "SiebwaldeApp.Core\SiebwaldeApp.Core.csproj", "{2031E2CC-C63C-4C9D-830B-E6CDBD3592F0}"
EndProject
Project("{FAE04EC0-301F-11D3-BF4B-00C04F79EFBC}") = "SiebwaldeApp.Tests", "SiebwaldeApp.Tests\SiebwaldeApp.Tests.csproj", "{E21584E4-BCF8-460E-B965-863F26233962}"
EndProject
Global
	GlobalSection(SolutionConfigurationPlatforms) = preSolution
		Debug|Any CPU = Debug|Any CPU
		Release|Any CPU = Release|Any CPU
	EndGlobalSection
	GlobalSection(ProjectConfigurationPlatforms) = postSolution
		{6EE1CC36-71C2-49CE-A47E-EB3559E88F24}.Debug|Any CPU.ActiveCfg = Debug|Any CPU
		{6EE1CC36-71C2-49CE-A47E-EB3559E88F24}.Debug|Any CPU.Build.0 = Debug|Any CPU
		{6EE1CC36-71C2-49CE-A47E-EB3559E88F24}.Release|Any CPU.ActiveCfg = Release|Any CPU
		{6EE1CC36-71C2-49CE-A47E-EB3559E88F24}.Release|Any CPU.Build.0 = Release|Any CPU
		{2031E2CC-C63C-4C9D-830B-E6CDBD3592F0}.Debug|Any CPU.ActiveCfg = Debug|Any CPU
		{2031E2CC-C63C-4C9D-830B-E6CDBD3592F0}.Debug|Any CPU.Build.0 = Debug|Any CPU
		{2031E2CC-C63C-4C9D-830B-E6CDBD3592F0}.Release|Any CPU.ActiveCfg = Release|Any CPU
		{2031E2CC-C63C-4C9D-830B-E6CDBD3592F0}.Release|Any CPU.Build.0 = Release|Any CPU
		{E21584E4-BCF8-460E-B965-863F26233962}.Debug|Any CPU.ActiveCfg = Debug|Any CPU
		{E21584E4-BCF8-460E-B965-863F26233962}.Debug|Any CPU.Build.0 = Debug|Any CPU
		{E21584E4-BCF8-460E-B965-863F26233962}.Release|Any CPU.ActiveCfg = Release|Any CPU
		{E21584E4-BCF8-460E-B965-863F26233962}.Release|Any CPU.Build.0 = Release|Any CPU
	EndGlobalSection
	GlobalSection(SolutionProperties) = preSolution
		HideSolutionNode = FALSE
	EndGlobalSection
	GlobalSection(ExtensibilityGlobals) = postSolution
		SolutionGuid = {0CB77041-43A2-4787-BC34-222F829DB9F2}
	EndGlobalSection
EndGlobal
