
Microsoft Visual Studio Solution File, Format Version 12.00
# Visual Studio Version 17
VisualStudioVersion = 17.14.36705.20 d17.14
MinimumVisualStudioVersion = 10.0.40219.1
Project("{FAE04EC0-301F-11D3-BF4B-00C04F79EFBC}") = "SiebwaldeApp.EcosEmu", "SiebwaldeApp.EcosEmu\SiebwaldeApp.EcosEmu.csproj", "{DC78EFC9-8819-4AFF-B6BC-E143DF5DE14B}"
EndProject
Project("{FAE04EC0-301F-11D3-BF4B-00C04F79EFBC}") = "SiebwaldeApp.EcosEmu.Host", "SiebwaldeApp.EcosEmu.Host\SiebwaldeApp.EcosEmu.Host.csproj", "{9400EE77-1859-4327-8976-F7616F97F11A}"
EndProject
Global
	GlobalSection(SolutionConfigurationPlatforms) = preSolution
		Debug|Any CPU = Debug|Any CPU
		Release|Any CPU = Release|Any CPU
	EndGlobalSection
	GlobalSection(ProjectConfigurationPlatforms) = postSolution
		{DC78EFC9-8819-4AFF-B6BC-E143DF5DE14B}.Debug|Any CPU.ActiveCfg = Debug|Any CPU
		{DC78EFC9-8819-4AFF-B6BC-E143DF5DE14B}.Debug|Any CPU.Build.0 = Debug|Any CPU
		{DC78EFC9-8819-4AFF-B6BC-E143DF5DE14B}.Release|Any CPU.ActiveCfg = Release|Any CPU
		{DC78EFC9-8819-4AFF-B6BC-E143DF5DE14B}.Release|Any CPU.Build.0 = Release|Any CPU
		{9400EE77-1859-4327-8976-F7616F97F11A}.Debug|Any CPU.ActiveCfg = Debug|Any CPU
		{9400EE77-1859-4327-8976-F7616F97F11A}.Debug|Any CPU.Build.0 = Debug|Any CPU
		{9400EE77-1859-4327-8976-F7616F97F11A}.Release|Any CPU.ActiveCfg = Release|Any CPU
		{9400EE77-1859-4327-8976-F7616F97F11A}.Release|Any CPU.Build.0 = Release|Any CPU
	EndGlobalSection
	GlobalSection(SolutionProperties) = preSolution
		HideSolutionNode = FALSE
	EndGlobalSection
	GlobalSection(ExtensibilityGlobals) = postSolution
		SolutionGuid = {D455B36C-F137-4BF3-B35F-BB692BD4B086}
	EndGlobalSection
EndGlobal
