
Microsoft Visual Studio Solution File, Format Version 12.00
# Visual Studio Version 17
VisualStudioVersion = 17.14.36705.20 d17.14
MinimumVisualStudioVersion = 10.0.40219.1
Project("{FAE04EC0-301F-11D3-BF4B-00C04F79EFBC}") = "SiebwaldeApp.Core.Host", "SiebwaldeApp.Core.Host.csproj", "{F07FC983-45EA-45DB-AD01-E4B1FB4F621B}"
EndProject
Project("{FAE04EC0-301F-11D3-BF4B-00C04F79EFBC}") = "SiebwaldeApp.Core", "..\SiebwaldeApp\SiebwaldeApp.Core\SiebwaldeApp.Core.csproj", "{F73E8FA2-CA8B-9B68-B86D-58CBD280D063}"
EndProject
Global
	GlobalSection(SolutionConfigurationPlatforms) = preSolution
		Debug|Any CPU = Debug|Any CPU
		Release|Any CPU = Release|Any CPU
	EndGlobalSection
	GlobalSection(ProjectConfigurationPlatforms) = postSolution
		{F07FC983-45EA-45DB-AD01-E4B1FB4F621B}.Debug|Any CPU.ActiveCfg = Debug|Any CPU
		{F07FC983-45EA-45DB-AD01-E4B1FB4F621B}.Debug|Any CPU.Build.0 = Debug|Any CPU
		{F07FC983-45EA-45DB-AD01-E4B1FB4F621B}.Release|Any CPU.ActiveCfg = Release|Any CPU
		{F07FC983-45EA-45DB-AD01-E4B1FB4F621B}.Release|Any CPU.Build.0 = Release|Any CPU
		{F73E8FA2-CA8B-9B68-B86D-58CBD280D063}.Debug|Any CPU.ActiveCfg = Debug|Any CPU
		{F73E8FA2-CA8B-9B68-B86D-58CBD280D063}.Debug|Any CPU.Build.0 = Debug|Any CPU
		{F73E8FA2-CA8B-9B68-B86D-58CBD280D063}.Release|Any CPU.ActiveCfg = Release|Any CPU
		{F73E8FA2-CA8B-9B68-B86D-58CBD280D063}.Release|Any CPU.Build.0 = Release|Any CPU
	EndGlobalSection
	GlobalSection(SolutionProperties) = preSolution
		HideSolutionNode = FALSE
	EndGlobalSection
	GlobalSection(ExtensibilityGlobals) = postSolution
		SolutionGuid = {9BAC8F03-3EB1-4ADC-94D9-B290B40341C7}
	EndGlobalSection
EndGlobal
